Microsoft Visual Studio Solution File, Format Version 12.00
# Visual Studio Version 17
VisualStudioVersion = 17.5.2.0
MinimumVisualStudioVersion = 10.0.40219.1
Project("{FAE04EC0-301F-11D3-BF4B-00C04F79EFBC}") = "MainEcommerceService", "MainEcommerceService.csproj", "{632C6D2E-9A25-EB7F-77C6-DFF44656788C}"
EndProject
Global
	GlobalSection(SolutionConfigurationPlatforms) = preSolution
		Debug|Any CPU = Debug|Any CPU
		Release|Any CPU = Release|Any CPU
	EndGlobalSection
	GlobalSection(ProjectConfigurationPlatforms) = postSolution
		{632C6D2E-9A25-EB7F-77C6-DFF44656788C}.Debug|Any CPU.ActiveCfg = Debug|Any CPU
		{632C6D2E-9A25-EB7F-77C6-DFF44656788C}.Debug|Any CPU.Build.0 = Debug|Any CPU
		{632C6D2E-9A25-EB7F-77C6-DFF44656788C}.Release|Any CPU.ActiveCfg = Release|Any CPU
		{632C6D2E-9A25-EB7F-77C6-DFF44656788C}.Release|Any CPU.Build.0 = Release|Any CPU
	EndGlobalSection
	GlobalSection(SolutionProperties) = preSolution
		HideSolutionNode = FALSE
	EndGlobalSection
	GlobalSection(ExtensibilityGlobals) = postSolution
		SolutionGuid = {A1436177-5443-4211-87DD-A52D258C5158}
	EndGlobalSection
EndGlobal
